
Microsoft Visual Studio Solution File, Format Version 12.00
# Visual Studio 2012
Project("{FAE04EC0-301F-11D3-BF4B-00C04F79EFBC}") = "NetMeterCore", "NetMeter\NetMeterCore.csproj", "{7F3D4BE5-0C7A-46E2-B0AF-8213C31E5C40}"
EndProject
Project("{FAE04EC0-301F-11D3-BF4B-00C04F79EFBC}") = "Valkyrie", "Valkyrie\Valkyrie.csproj", "{FBD8D0CB-3D05-4FF4-A133-FFF023DD3478}"
EndProject
Global
	GlobalSection(SolutionConfigurationPlatforms) = preSolution
		Debug|Any CPU = Debug|Any CPU
		Release|Any CPU = Release|Any CPU
	EndGlobalSection
	GlobalSection(ProjectConfigurationPlatforms) = postSolution
		{7F3D4BE5-0C7A-46E2-B0AF-8213C31E5C40}.Debug|Any CPU.ActiveCfg = Debug|Any CPU
		{7F3D4BE5-0C7A-46E2-B0AF-8213C31E5C40}.Debug|Any CPU.Build.0 = Debug|Any CPU
		{7F3D4BE5-0C7A-46E2-B0AF-8213C31E5C40}.Release|Any CPU.ActiveCfg = Release|Any CPU
		{7F3D4BE5-0C7A-46E2-B0AF-8213C31E5C40}.Release|Any CPU.Build.0 = Release|Any CPU
		{FBD8D0CB-3D05-4FF4-A133-FFF023DD3478}.Debug|Any CPU.ActiveCfg = Debug|Any CPU
		{FBD8D0CB-3D05-4FF4-A133-FFF023DD3478}.Debug|Any CPU.Build.0 = Debug|Any CPU
		{FBD8D0CB-3D05-4FF4-A133-FFF023DD3478}.Release|Any CPU.ActiveCfg = Release|Any CPU
		{FBD8D0CB-3D05-4FF4-A133-FFF023DD3478}.Release|Any CPU.Build.0 = Release|Any CPU
	EndGlobalSection
	GlobalSection(SolutionProperties) = preSolution
		HideSolutionNode = FALSE
	EndGlobalSection
EndGlobal
